
Microsoft Visual Studio Solution File, Format Version 12.00
# Visual Studio Version 17
VisualStudioVersion = 17.14.36310.24 d17.14
MinimumVisualStudioVersion = 10.0.40219.1
Project("{FAE04EC0-301F-11D3-BF4B-00C04F79EFBC}") = "BasicAdventureGame", "BasicAdventureGame\BasicAdventureGame.csproj", "{77BF8EDD-9198-4DB5-98DA-0B0EE3A84BC9}"
EndProject
Global
	GlobalSection(SolutionConfigurationPlatforms) = preSolution
		Debug|Any CPU = Debug|Any CPU
		Release|Any CPU = Release|Any CPU
	EndGlobalSection
	GlobalSection(ProjectConfigurationPlatforms) = postSolution
		{77BF8EDD-9198-4DB5-98DA-0B0EE3A84BC9}.Debug|Any CPU.ActiveCfg = Debug|Any CPU
		{77BF8EDD-9198-4DB5-98DA-0B0EE3A84BC9}.Debug|Any CPU.Build.0 = Debug|Any CPU
		{77BF8EDD-9198-4DB5-98DA-0B0EE3A84BC9}.Release|Any CPU.ActiveCfg = Release|Any CPU
		{77BF8EDD-9198-4DB5-98DA-0B0EE3A84BC9}.Release|Any CPU.Build.0 = Release|Any CPU
	EndGlobalSection
	GlobalSection(SolutionProperties) = preSolution
		HideSolutionNode = FALSE
	EndGlobalSection
	GlobalSection(ExtensibilityGlobals) = postSolution
		SolutionGuid = {F7B09E1E-E339-42F2-98D2-C71237E382ED}
	EndGlobalSection
EndGlobal
